
Microsoft Visual Studio Solution File, Format Version 12.00
# Visual Studio 14
VisualStudioVersion = 14.0.23107.0
MinimumVisualStudioVersion = 10.0.40219.1
Project("{FAE04EC0-301F-11D3-BF4B-00C04F79EFBC}") = "Sitecore.Courier", "Sitecore.Courier\Sitecore.Courier.csproj", "{4745FF1F-4D3F-4FD6-984B-667AF2258774}"
EndProject
Project("{FAE04EC0-301F-11D3-BF4B-00C04F79EFBC}") = "Sitecore.Courier.Runner", "Sitecore.Courier.Runner\Sitecore.Courier.Runner.csproj", "{58FE90BC-2D87-473F-8A90-2FE4DF5EA393}"
EndProject
Project("{FAE04EC0-301F-11D3-BF4B-00C04F79EFBC}") = "Sitecore.Courier.WebRunner", "Sitecore.Courier.WebRunner\Sitecore.Courier.WebRunner.csproj", "{6E7C730A-1D5A-4B13-BD58-BE78183EA863}"
EndProject
Project("{FAE04EC0-301F-11D3-BF4B-00C04F79EFBC}") = "Sitecore.Courier.ShellExtensions", "Sitecore.Courier.ShellExtensions\Sitecore.Courier.ShellExtensions.csproj", "{C6D6EA4F-3536-4C13-8DAD-C9C0C6D02EE3}"
EndProject
Global
	GlobalSection(SolutionConfigurationPlatforms) = preSolution
		Debug|Any CPU = Debug|Any CPU
		Debug|Mixed Platforms = Debug|Mixed Platforms
		Debug|x86 = Debug|x86
		Release|Any CPU = Release|Any CPU
		Release|Mixed Platforms = Release|Mixed Platforms
		Release|x86 = Release|x86
	EndGlobalSection
	GlobalSection(ProjectConfigurationPlatforms) = postSolution
		{4745FF1F-4D3F-4FD6-984B-667AF2258774}.Debug|Any CPU.ActiveCfg = Debug|x86
		{4745FF1F-4D3F-4FD6-984B-667AF2258774}.Debug|Mixed Platforms.ActiveCfg = Debug|x86
		{4745FF1F-4D3F-4FD6-984B-667AF2258774}.Debug|Mixed Platforms.Build.0 = Debug|x86
		{4745FF1F-4D3F-4FD6-984B-667AF2258774}.Debug|x86.ActiveCfg = Debug|x86
		{4745FF1F-4D3F-4FD6-984B-667AF2258774}.Debug|x86.Build.0 = Debug|x86
		{4745FF1F-4D3F-4FD6-984B-667AF2258774}.Release|Any CPU.ActiveCfg = Release|x86
		{4745FF1F-4D3F-4FD6-984B-667AF2258774}.Release|Mixed Platforms.ActiveCfg = Release|x86
		{4745FF1F-4D3F-4FD6-984B-667AF2258774}.Release|Mixed Platforms.Build.0 = Release|x86
		{4745FF1F-4D3F-4FD6-984B-667AF2258774}.Release|x86.ActiveCfg = Release|x86
		{4745FF1F-4D3F-4FD6-984B-667AF2258774}.Release|x86.Build.0 = Release|x86
		{58FE90BC-2D87-473F-8A90-2FE4DF5EA393}.Debug|Any CPU.ActiveCfg = Debug|x86
		{58FE90BC-2D87-473F-8A90-2FE4DF5EA393}.Debug|Mixed Platforms.ActiveCfg = Debug|x86
		{58FE90BC-2D87-473F-8A90-2FE4DF5EA393}.Debug|Mixed Platforms.Build.0 = Debug|x86
		{58FE90BC-2D87-473F-8A90-2FE4DF5EA393}.Debug|x86.ActiveCfg = Debug|x86
		{58FE90BC-2D87-473F-8A90-2FE4DF5EA393}.Debug|x86.Build.0 = Debug|x86
		{58FE90BC-2D87-473F-8A90-2FE4DF5EA393}.Release|Any CPU.ActiveCfg = Release|x86
		{58FE90BC-2D87-473F-8A90-2FE4DF5EA393}.Release|Mixed Platforms.ActiveCfg = Release|x86
		{58FE90BC-2D87-473F-8A90-2FE4DF5EA393}.Release|Mixed Platforms.Build.0 = Release|x86
		{58FE90BC-2D87-473F-8A90-2FE4DF5EA393}.Release|x86.ActiveCfg = Release|x86
		{58FE90BC-2D87-473F-8A90-2FE4DF5EA393}.Release|x86.Build.0 = Release|x86
		{6E7C730A-1D5A-4B13-BD58-BE78183EA863}.Debug|Any CPU.ActiveCfg = Debug|Any CPU
		{6E7C730A-1D5A-4B13-BD58-BE78183EA863}.Debug|Any CPU.Build.0 = Debug|Any CPU
		{6E7C730A-1D5A-4B13-BD58-BE78183EA863}.Debug|Mixed Platforms.ActiveCfg = Debug|Any CPU
		{6E7C730A-1D5A-4B13-BD58-BE78183EA863}.Debug|Mixed Platforms.Build.0 = Debug|Any CPU
		{6E7C730A-1D5A-4B13-BD58-BE78183EA863}.Debug|x86.ActiveCfg = Debug|Any CPU
		{6E7C730A-1D5A-4B13-BD58-BE78183EA863}.Debug|x86.Build.0 = Debug|Any CPU
		{6E7C730A-1D5A-4B13-BD58-BE78183EA863}.Release|Any CPU.ActiveCfg = Release|Any CPU
		{6E7C730A-1D5A-4B13-BD58-BE78183EA863}.Release|Any CPU.Build.0 = Release|Any CPU
		{6E7C730A-1D5A-4B13-BD58-BE78183EA863}.Release|Mixed Platforms.ActiveCfg = Release|Any CPU
		{6E7C730A-1D5A-4B13-BD58-BE78183EA863}.Release|Mixed Platforms.Build.0 = Release|Any CPU
		{6E7C730A-1D5A-4B13-BD58-BE78183EA863}.Release|x86.ActiveCfg = Release|Any CPU
		{C6D6EA4F-3536-4C13-8DAD-C9C0C6D02EE3}.Debug|Any CPU.ActiveCfg = Debug|Any CPU
		{C6D6EA4F-3536-4C13-8DAD-C9C0C6D02EE3}.Debug|Any CPU.Build.0 = Debug|Any CPU
		{C6D6EA4F-3536-4C13-8DAD-C9C0C6D02EE3}.Debug|Mixed Platforms.ActiveCfg = Debug|Any CPU
		{C6D6EA4F-3536-4C13-8DAD-C9C0C6D02EE3}.Debug|Mixed Platforms.Build.0 = Debug|Any CPU
		{C6D6EA4F-3536-4C13-8DAD-C9C0C6D02EE3}.Debug|x86.ActiveCfg = Debug|Any CPU
		{C6D6EA4F-3536-4C13-8DAD-C9C0C6D02EE3}.Debug|x86.Build.0 = Debug|Any CPU
		{C6D6EA4F-3536-4C13-8DAD-C9C0C6D02EE3}.Release|Any CPU.ActiveCfg = Release|Any CPU
		{C6D6EA4F-3536-4C13-8DAD-C9C0C6D02EE3}.Release|Any CPU.Build.0 = Release|Any CPU
		{C6D6EA4F-3536-4C13-8DAD-C9C0C6D02EE3}.Release|Mixed Platforms.ActiveCfg = Release|Any CPU
		{C6D6EA4F-3536-4C13-8DAD-C9C0C6D02EE3}.Release|Mixed Platforms.Build.0 = Release|Any CPU
		{C6D6EA4F-3536-4C13-8DAD-C9C0C6D02EE3}.Release|x86.ActiveCfg = Release|Any CPU
	EndGlobalSection
	GlobalSection(SolutionProperties) = preSolution
		HideSolutionNode = FALSE
	EndGlobalSection
EndGlobal
